
Microsoft Visual Studio Solution File, Format Version 12.00
# Visual Studio Version 17
VisualStudioVersion = 17.1.32104.313
MinimumVisualStudioVersion = 10.0.40219.1
Project("{FAE04EC0-301F-11D3-BF4B-00C04F79EFBC}") = "FrontEnd", "FrontEnd\FrontEnd.csproj", "{7B092207-2594-4BEF-9383-C6B72F6DC124}"
EndProject
Project("{FAE04EC0-301F-11D3-BF4B-00C04F79EFBC}") = "App1", "App1\App1.csproj", "{49C14E0F-D17F-4A20-A9FB-614F07C2E42B}"
EndProject
Project("{FAE04EC0-301F-11D3-BF4B-00C04F79EFBC}") = "App2", "App2\App2.csproj", "{6E5936B4-18E2-4FB8-826A-DA79685461CF}"
EndProject
Global
	GlobalSection(SolutionConfigurationPlatforms) = preSolution
		Debug|Any CPU = Debug|Any CPU
		Release|Any CPU = Release|Any CPU
	EndGlobalSection
	GlobalSection(ProjectConfigurationPlatforms) = postSolution
		{7B092207-2594-4BEF-9383-C6B72F6DC124}.Debug|Any CPU.ActiveCfg = Debug|Any CPU
		{7B092207-2594-4BEF-9383-C6B72F6DC124}.Debug|Any CPU.Build.0 = Debug|Any CPU
		{7B092207-2594-4BEF-9383-C6B72F6DC124}.Release|Any CPU.ActiveCfg = Release|Any CPU
		{7B092207-2594-4BEF-9383-C6B72F6DC124}.Release|Any CPU.Build.0 = Release|Any CPU
		{49C14E0F-D17F-4A20-A9FB-614F07C2E42B}.Debug|Any CPU.ActiveCfg = Debug|Any CPU
		{49C14E0F-D17F-4A20-A9FB-614F07C2E42B}.Debug|Any CPU.Build.0 = Debug|Any CPU
		{49C14E0F-D17F-4A20-A9FB-614F07C2E42B}.Release|Any CPU.ActiveCfg = Release|Any CPU
		{49C14E0F-D17F-4A20-A9FB-614F07C2E42B}.Release|Any CPU.Build.0 = Release|Any CPU
		{6E5936B4-18E2-4FB8-826A-DA79685461CF}.Debug|Any CPU.ActiveCfg = Debug|Any CPU
		{6E5936B4-18E2-4FB8-826A-DA79685461CF}.Debug|Any CPU.Build.0 = Debug|Any CPU
		{6E5936B4-18E2-4FB8-826A-DA79685461CF}.Release|Any CPU.ActiveCfg = Release|Any CPU
		{6E5936B4-18E2-4FB8-826A-DA79685461CF}.Release|Any CPU.Build.0 = Release|Any CPU
	EndGlobalSection
	GlobalSection(SolutionProperties) = preSolution
		HideSolutionNode = FALSE
	EndGlobalSection
	GlobalSection(ExtensibilityGlobals) = postSolution
		SolutionGuid = {F8A13C4C-2732-4CDF-88B7-644E4E4B98DA}
	EndGlobalSection
EndGlobal
